
Microsoft Visual Studio Solution File, Format Version 12.00
# Visual Studio Version 17
VisualStudioVersion = 17.4.33110.190
MinimumVisualStudioVersion = 10.0.40219.1
Project("{FAE04EC0-301F-11D3-BF4B-00C04F79EFBC}") = "CompraComponentes", "CompraComponentes\CompraComponentes.csproj", "{CE9B692F-A4F2-4480-A13F-DBD0FE1BDFED}"
EndProject
Project("{FAE04EC0-301F-11D3-BF4B-00C04F79EFBC}") = "Servicios", "Servicios\Servicios.csproj", "{795459B3-5B72-4922-B8FE-0091DAF190C2}"
EndProject
Global
	GlobalSection(SolutionConfigurationPlatforms) = preSolution
		Debug|Any CPU = Debug|Any CPU
		Release|Any CPU = Release|Any CPU
	EndGlobalSection
	GlobalSection(ProjectConfigurationPlatforms) = postSolution
		{CE9B692F-A4F2-4480-A13F-DBD0FE1BDFED}.Debug|Any CPU.ActiveCfg = Debug|Any CPU
		{CE9B692F-A4F2-4480-A13F-DBD0FE1BDFED}.Debug|Any CPU.Build.0 = Debug|Any CPU
		{CE9B692F-A4F2-4480-A13F-DBD0FE1BDFED}.Release|Any CPU.ActiveCfg = Release|Any CPU
		{CE9B692F-A4F2-4480-A13F-DBD0FE1BDFED}.Release|Any CPU.Build.0 = Release|Any CPU
		{795459B3-5B72-4922-B8FE-0091DAF190C2}.Debug|Any CPU.ActiveCfg = Debug|Any CPU
		{795459B3-5B72-4922-B8FE-0091DAF190C2}.Debug|Any CPU.Build.0 = Debug|Any CPU
		{795459B3-5B72-4922-B8FE-0091DAF190C2}.Release|Any CPU.ActiveCfg = Release|Any CPU
		{795459B3-5B72-4922-B8FE-0091DAF190C2}.Release|Any CPU.Build.0 = Release|Any CPU
	EndGlobalSection
	GlobalSection(SolutionProperties) = preSolution
		HideSolutionNode = FALSE
	EndGlobalSection
	GlobalSection(ExtensibilityGlobals) = postSolution
		SolutionGuid = {2732DC17-8986-46B1-8497-598579661B0D}
	EndGlobalSection
EndGlobal
